// !$*UTF8*$!
{
	archiveVersion = 1;
	classes = {
	};
	objectVersion = 46;
	objects = {

/* Begin PBXBuildFile section */
		CA108E2D1B08E73B0068B949 /* DesignableView.swift in Sources */ = {isa = PBXBuildFile; fileRef = CA108E2C1B08E73B0068B949 /* DesignableView.swift */; };
		CA60B1F91B0BA47C00733B2C /* Muller-ExtraBold-DEMO.otf in Resources */ = {isa = PBXBuildFile; fileRef = CA60B1F81B0BA47C00733B2C /* Muller-ExtraBold-DEMO.otf */; };
		CA60B1FB1B0BAED800733B2C /* Muller-Thin-DEMO.otf in Resources */ = {isa = PBXBuildFile; fileRef = CA60B1FA1B0BAED800733B2C /* Muller-Thin-DEMO.otf */; };
		CAC0113A1B0BB81B0050155C /* Exercicio2ViewController.swift in Sources */ = {isa = PBXBuildFile; fileRef = CAC011391B0BB81B0050155C /* Exercicio2ViewController.swift */; };
		D401B8E01B05136B0021782F /* AppDelegate.swift in Sources */ = {isa = PBXBuildFile; fileRef = D401B8DF1B05136B0021782F /* AppDelegate.swift */; };
		D401B8E31B05136B0021782F /* Dislexy.xcdatamodeld in Sources */ = {isa = PBXBuildFile; fileRef = D401B8E11B05136B0021782F /* Dislexy.xcdatamodeld */; };
		D401B8E51B05136B0021782F /* ViewController.swift in Sources */ = {isa = PBXBuildFile; fileRef = D401B8E41B05136B0021782F /* ViewController.swift */; };
		D401B8E81B05136B0021782F /* Main.storyboard in Resources */ = {isa = PBXBuildFile; fileRef = D401B8E61B05136B0021782F /* Main.storyboard */; };
		D401B8EA1B05136B0021782F /* Images.xcassets in Resources */ = {isa = PBXBuildFile; fileRef = D401B8E91B05136B0021782F /* Images.xcassets */; };
		D401B8ED1B05136B0021782F /* LaunchScreen.xib in Resources */ = {isa = PBXBuildFile; fileRef = D401B8EB1B05136B0021782F /* LaunchScreen.xib */; };
		D401B8F91B05136B0021782F /* DislexyTests.swift in Sources */ = {isa = PBXBuildFile; fileRef = D401B8F81B05136B0021782F /* DislexyTests.swift */; };
		D47EA00D1B066B4B00A6B08A /* Exercicio1TableViewController.swift in Sources */ = {isa = PBXBuildFile; fileRef = D47EA00C1B066B4B00A6B08A /* Exercicio1TableViewController.swift */; };
		D4C28AAC1B06B9880026DBBD /* SCLAlertView.swift in Sources */ = {isa = PBXBuildFile; fileRef = D4C28AAB1B06B9880026DBBD /* SCLAlertView.swift */; };
/* End PBXBuildFile section */

/* Begin PBXContainerItemProxy section */
		D401B8F31B05136B0021782F /* PBXContainerItemProxy */ = {
			isa = PBXContainerItemProxy;
			containerPortal = D401B8D21B05136A0021782F /* Project object */;
			proxyType = 1;
			remoteGlobalIDString = D401B8D91B05136A0021782F;
			remoteInfo = Dislexy;
		};
/* End PBXContainerItemProxy section */

/* Begin PBXFileReference section */
		CA108E2C1B08E73B0068B949 /* DesignableView.swift */ = {isa = PBXFileReference; fileEncoding = 4; lastKnownFileType = sourcecode.swift; path = DesignableView.swift; sourceTree = "<group>"; };
		CA60B1F81B0BA47C00733B2C /* Muller-ExtraBold-DEMO.otf */ = {isa = PBXFileReference; lastKnownFileType = file; path = "Muller-ExtraBold-DEMO.otf"; sourceTree = "<group>"; };
		CA60B1FA1B0BAED800733B2C /* Muller-Thin-DEMO.otf */ = {isa = PBXFileReference; lastKnownFileType = file; path = "Muller-Thin-DEMO.otf"; sourceTree = "<group>"; };
		CAC011391B0BB81B0050155C /* Exercicio2ViewController.swift */ = {isa = PBXFileReference; fileEncoding = 4; lastKnownFileType = sourcecode.swift; path = Exercicio2ViewController.swift; sourceTree = "<group>"; };
		D401B8DA1B05136B0021782F /* Dislexy.app */ = {isa = PBXFileReference; explicitFileType = wrapper.application; includeInIndex = 0; path = Dislexy.app; sourceTree = BUILT_PRODUCTS_DIR; };
		D401B8DE1B05136B0021782F /* Info.plist */ = {isa = PBXFileReference; lastKnownFileType = text.plist.xml; path = Info.plist; sourceTree = "<group>"; };
		D401B8DF1B05136B0021782F /* AppDelegate.swift */ = {isa = PBXFileReference; lastKnownFileType = sourcecode.swift; path = AppDelegate.swift; sourceTree = "<group>"; };
		D401B8E21B05136B0021782F /* Dislexy.xcdatamodel */ = {isa = PBXFileReference; lastKnownFileType = wrapper.xcdatamodel; path = Dislexy.xcdatamodel; sourceTree = "<group>"; };
		D401B8E41B05136B0021782F /* ViewController.swift */ = {isa = PBXFileReference; lastKnownFileType = sourcecode.swift; path = ViewController.swift; sourceTree = "<group>"; };
		D401B8E71B05136B0021782F /* Base */ = {isa = PBXFileReference; lastKnownFileType = file.storyboard; name = Base; path = Base.lproj/Main.storyboard; sourceTree = "<group>"; };
		D401B8E91B05136B0021782F /* Images.xcassets */ = {isa = PBXFileReference; lastKnownFileType = folder.assetcatalog; path = Images.xcassets; sourceTree = "<group>"; };
		D401B8EC1B05136B0021782F /* Base */ = {isa = PBXFileReference; lastKnownFileType = file.xib; name = Base; path = Base.lproj/LaunchScreen.xib; sourceTree = "<group>"; };
		D401B8F21B05136B0021782F /* DislexyTests.xctest */ = {isa = PBXFileReference; explicitFileType = wrapper.cfbundle; includeInIndex = 0; path = DislexyTests.xctest; sourceTree = BUILT_PRODUCTS_DIR; };
		D401B8F71B05136B0021782F /* Info.plist */ = {isa = PBXFileReference; lastKnownFileType = text.plist.xml; path = Info.plist; sourceTree = "<group>"; };
		D401B8F81B05136B0021782F /* DislexyTests.swift */ = {isa = PBXFileReference; lastKnownFileType = sourcecode.swift; path = DislexyTests.swift; sourceTree = "<group>"; };
		D47EA00C1B066B4B00A6B08A /* Exercicio1TableViewController.swift */ = {isa = PBXFileReference; fileEncoding = 4; lastKnownFileType = sourcecode.swift; path = Exercicio1TableViewController.swift; sourceTree = "<group>"; };
		D4C28AAB1B06B9880026DBBD /* SCLAlertView.swift */ = {isa = PBXFileReference; fileEncoding = 4; lastKnownFileType = sourcecode.swift; path = SCLAlertView.swift; sourceTree = "<group>"; };
/* End PBXFileReference section */

/* Begin PBXFrameworksBuildPhase section */
		D401B8D71B05136A0021782F /* Frameworks */ = {
			isa = PBXFrameworksBuildPhase;
			buildActionMask = 2147483647;
			files = (
			);
			runOnlyForDeploymentPostprocessing = 0;
		};
		D401B8EF1B05136B0021782F /* Frameworks */ = {
			isa = PBXFrameworksBuildPhase;
			buildActionMask = 2147483647;
			files = (
			);
			runOnlyForDeploymentPostprocessing = 0;
		};
/* End PBXFrameworksBuildPhase section */

/* Begin PBXGroup section */
		D401B8D11B05136A0021782F = {
			isa = PBXGroup;
			children = (
				D401B8DC1B05136B0021782F /* Dislexy */,
				D401B8F51B05136B0021782F /* DislexyTests */,
				D401B8DB1B05136B0021782F /* Products */,
			);
			sourceTree = "<group>";
		};
		D401B8DB1B05136B0021782F /* Products */ = {
			isa = PBXGroup;
			children = (
				D401B8DA1B05136B0021782F /* Dislexy.app */,
				D401B8F21B05136B0021782F /* DislexyTests.xctest */,
			);
			name = Products;
			sourceTree = "<group>";
		};
		D401B8DC1B05136B0021782F /* Dislexy */ = {
			isa = PBXGroup;
			children = (
				D4C28AAB1B06B9880026DBBD /* SCLAlertView.swift */,
				D401B8DF1B05136B0021782F /* AppDelegate.swift */,
				D401B8E41B05136B0021782F /* ViewController.swift */,
				D47EA00C1B066B4B00A6B08A /* Exercicio1TableViewController.swift */,
				CAC011391B0BB81B0050155C /* Exercicio2ViewController.swift */,
				D401B8E61B05136B0021782F /* Main.storyboard */,
				D401B8E91B05136B0021782F /* Images.xcassets */,
				D401B8EB1B05136B0021782F /* LaunchScreen.xib */,
				D401B8E11B05136B0021782F /* Dislexy.xcdatamodeld */,
				D401B8DD1B05136B0021782F /* Supporting Files */,
			);
			path = Dislexy;
			sourceTree = "<group>";
		};
		D401B8DD1B05136B0021782F /* Supporting Files */ = {
			isa = PBXGroup;
			children = (
				D401B8DE1B05136B0021782F /* Info.plist */,
				CA60B1F81B0BA47C00733B2C /* Muller-ExtraBold-DEMO.otf */,
				CA60B1FA1B0BAED800733B2C /* Muller-Thin-DEMO.otf */,
				CA108E2C1B08E73B0068B949 /* DesignableView.swift */,
			);
			name = "Supporting Files";
			sourceTree = "<group>";
		};
		D401B8F51B05136B0021782F /* DislexyTests */ = {
			isa = PBXGroup;
			children = (
				D401B8F81B05136B0021782F /* DislexyTests.swift */,
				D401B8F61B05136B0021782F /* Supporting Files */,
			);
			path = DislexyTests;
			sourceTree = "<group>";
		};
		D401B8F61B05136B0021782F /* Supporting Files */ = {
			isa = PBXGroup;
			children = (
				D401B8F71B05136B0021782F /* Info.plist */,
			);
			name = "Supporting Files";
			sourceTree = "<group>";
		};
/* End PBXGroup section */

/* Begin PBXNativeTarget section */
		D401B8D91B05136A0021782F /* Dislexy */ = {
			isa = PBXNativeTarget;
			buildConfigurationList = D401B8FC1B05136B0021782F /* Build configuration list for PBXNativeTarget "Dislexy" */;
			buildPhases = (
				D401B8D61B05136A0021782F /* Sources */,
				D401B8D71B05136A0021782F /* Frameworks */,
				D401B8D81B05136A0021782F /* Resources */,
			);
			buildRules = (
			);
			dependencies = (
			);
			name = Dislexy;
			productName = Dislexy;
			productReference = D401B8DA1B05136B0021782F /* Dislexy.app */;
			productType = "com.apple.product-type.application";
		};
		D401B8F11B05136B0021782F /* DislexyTests */ = {
			isa = PBXNativeTarget;
			buildConfigurationList = D401B8FF1B05136B0021782F /* Build configuration list for PBXNativeTarget "DislexyTests" */;
			buildPhases = (
				D401B8EE1B05136B0021782F /* Sources */,
				D401B8EF1B05136B0021782F /* Frameworks */,
				D401B8F01B05136B0021782F /* Resources */,
			);
			buildRules = (
			);
			dependencies = (
				D401B8F41B05136B0021782F /* PBXTargetDependency */,
			);
			name = DislexyTests;
			productName = DislexyTests;
			productReference = D401B8F21B05136B0021782F /* DislexyTests.xctest */;
			productType = "com.apple.product-type.bundle.unit-test";
		};
/* End PBXNativeTarget section */

/* Begin PBXProject section */
		D401B8D21B05136A0021782F /* Project object */ = {
			isa = PBXProject;
			attributes = {
				LastUpgradeCheck = 0630;
				ORGANIZATIONNAME = Fernando;
				TargetAttributes = {
					D401B8D91B05136A0021782F = {
						CreatedOnToolsVersion = 6.3.1;
					};
					D401B8F11B05136B0021782F = {
						CreatedOnToolsVersion = 6.3.1;
						TestTargetID = D401B8D91B05136A0021782F;
					};
				};
			};
			buildConfigurationList = D401B8D51B05136A0021782F /* Build configuration list for PBXProject "Dislexy" */;
			compatibilityVersion = "Xcode 3.2";
			developmentRegion = English;
			hasScannedForEncodings = 0;
			knownRegions = (
				en,
				Base,
			);
			mainGroup = D401B8D11B05136A0021782F;
			productRefGroup = D401B8DB1B05136B0021782F /* Products */;
			projectDirPath = "";
			projectRoot = "";
			targets = (
				D401B8D91B05136A0021782F /* Dislexy */,
				D401B8F11B05136B0021782F /* DislexyTests */,
			);
		};
/* End PBXProject section */

/* Begin PBXResourcesBuildPhase section */
		D401B8D81B05136A0021782F /* Resources */ = {
			isa = PBXResourcesBuildPhase;
			buildActionMask = 2147483647;
			files = (
				CA60B1FB1B0BAED800733B2C /* Muller-Thin-DEMO.otf in Resources */,
				D401B8E81B05136B0021782F /* Main.storyboard in Resources */,
				CA60B1F91B0BA47C00733B2C /* Muller-ExtraBold-DEMO.otf in Resources */,
				D401B8ED1B05136B0021782F /* LaunchScreen.xib in Resources */,
				D401B8EA1B05136B0021782F /* Images.xcassets in Resources */,
			);
			runOnlyForDeploymentPostprocessing = 0;
		};
		D401B8F01B05136B0021782F /* Resources */ = {
			isa = PBXResourcesBuildPhase;
			buildActionMask = 2147483647;
			files = (
			);
			runOnlyForDeploymentPostprocessing = 0;
		};
/* End PBXResourcesBuildPhase section */

/* Begin PBXSourcesBuildPhase section */
		D401B8D61B05136A0021782F /* Sources */ = {
			isa = PBXSourcesBuildPhase;
			buildActionMask = 2147483647;
			files = (
				D401B8E51B05136B0021782F /* ViewController.swift in Sources */,
				D47EA00D1B066B4B00A6B08A /* Exercicio1TableViewController.swift in Sources */,
				CA108E2D1B08E73B0068B949 /* DesignableView.swift in Sources */,
				D4C28AAC1B06B9880026DBBD /* SCLAlertView.swift in Sources */,
				D401B8E31B05136B0021782F /* Dislexy.xcdatamodeld in Sources */,
				D401B8E01B05136B0021782F /* AppDelegate.swift in Sources */,
				CAC0113A1B0BB81B0050155C /* Exercicio2ViewController.swift in Sources */,
			);
			runOnlyForDeploymentPostprocessing = 0;
		};
		D401B8EE1B05136B0021782F /* Sources */ = {
			isa = PBXSourcesBuildPhase;
			buildActionMask = 2147483647;
			files = (
				D401B8F91B05136B0021782F /* DislexyTests.swift in Sources */,
			);
			runOnlyForDeploymentPostprocessing = 0;
		};
/* End PBXSourcesBuildPhase section */

/* Begin PBXTargetDependency section */
		D401B8F41B05136B0021782F /* PBXTargetDependency */ = {
			isa = PBXTargetDependency;
			target = D401B8D91B05136A0021782F /* Dislexy */;
			targetProxy = D401B8F31B05136B0021782F /* PBXContainerItemProxy */;
		};
/* End PBXTargetDependency section */

/* Begin PBXVariantGroup section */
		D401B8E61B05136B0021782F /* Main.storyboard */ = {
			isa = PBXVariantGroup;
			children = (
				D401B8E71B05136B0021782F /* Base */,
			);
			name = Main.storyboard;
			sourceTree = "<group>";
		};
		D401B8EB1B05136B0021782F /* LaunchScreen.xib */ = {
			isa = PBXVariantGroup;
			children = (
				D401B8EC1B05136B0021782F /* Base */,
			);
			name = LaunchScreen.xib;
			sourceTree = "<group>";
		};
/* End PBXVariantGroup section */

/* Begin XCBuildConfiguration section */
		D401B8FA1B05136B0021782F /* Debug */ = {
			isa = XCBuildConfiguration;
			buildSettings = {
				ALWAYS_SEARCH_USER_PATHS = NO;
				CLANG_CXX_LANGUAGE_STANDARD = "gnu++0x";
				CLANG_CXX_LIBRARY = "libc++";
				CLANG_ENABLE_MODULES = YES;
				CLANG_ENABLE_OBJC_ARC = YES;
				CLANG_WARN_BOOL_CONVERSION = YES;
				CLANG_WARN_CONSTANT_CONVERSION = YES;
				CLANG_WARN_DIRECT_OBJC_ISA_USAGE = YES_ERROR;
				CLANG_WARN_EMPTY_BODY = YES;
				CLANG_WARN_ENUM_CONVERSION = YES;
				CLANG_WARN_INT_CONVERSION = YES;
				CLANG_WARN_OBJC_ROOT_CLASS = YES_ERROR;
				CLANG_WARN_UNREACHABLE_CODE = YES;
				CLANG_WARN__DUPLICATE_METHOD_MATCH = YES;
				"CODE_SIGN_IDENTITY[sdk=iphoneos*]" = "iPhone Developer";
				COPY_PHASE_STRIP = NO;
				DEBUG_INFORMATION_FORMAT = "dwarf-with-dsym";
				ENABLE_STRICT_OBJC_MSGSEND = YES;
				GCC_C_LANGUAGE_STANDARD = gnu99;
				GCC_DYNAMIC_NO_PIC = NO;
				GCC_NO_COMMON_BLOCKS = YES;
				GCC_OPTIMIZATION_LEVEL = 0;
				GCC_PREPROCESSOR_DEFINITIONS = (
					"DEBUG=1",
					"$(inherited)",
				);
				GCC_SYMBOLS_PRIVATE_EXTERN = NO;
				GCC_WARN_64_TO_32_BIT_CONVERSION = YES;
				GCC_WARN_ABOUT_RETURN_TYPE = YES_ERROR;
				GCC_WARN_UNDECLARED_SELECTOR = YES;
				GCC_WARN_UNINITIALIZED_AUTOS = YES_AGGRESSIVE;
				GCC_WARN_UNUSED_FUNCTION = YES;
				GCC_WARN_UNUSED_VARIABLE = YES;
				IPHONEOS_DEPLOYMENT_TARGET = 8.3;
				MTL_ENABLE_DEBUG_INFO = YES;
				ONLY_ACTIVE_ARCH = YES;
				SDKROOT = iphoneos;
				SWIFT_OPTIMIZATION_LEVEL = "-Onone";
			};
			name = Debug;
		};
		D401B8FB1B05136B0021782F /* Release */ = {
			isa = XCBuildConfiguration;
			buildSettings = {
				ALWAYS_SEARCH_USER_PATHS = NO;
				CLANG_CXX_LANGUAGE_STANDARD = "gnu++0x";
				CLANG_CXX_LIBRARY = "libc++";
				CLANG_ENABLE_MODULES = YES;
				CLANG_ENABLE_OBJC_ARC = YES;
				CLANG_WARN_BOOL_CONVERSION = YES;
				CLANG_WARN_CONSTANT_CONVERSION = YES;
				CLANG_WARN_DIRECT_OBJC_ISA_USAGE = YES_ERROR;
				CLANG_WARN_EMPTY_BODY = YES;
				CLANG_WARN_ENUM_CONVERSION = YES;
				CLANG_WARN_INT_CONVERSION = YES;
				CLANG_WARN_OBJC_ROOT_CLASS = YES_ERROR;
				CLANG_WARN_UNREACHABLE_CODE = YES;
				CLANG_WARN__DUPLICATE_METHOD_MATCH = YES;
				"CODE_SIGN_IDENTITY[sdk=iphoneos*]" = "iPhone Developer";
				COPY_PHASE_STRIP = NO;
				DEBUG_INFORMATION_FORMAT = "dwarf-with-dsym";
				ENABLE_NS_ASSERTIONS = NO;
				ENABLE_STRICT_OBJC_MSGSEND = YES;
				GCC_C_LANGUAGE_STANDARD = gnu99;
				GCC_NO_COMMON_BLOCKS = YES;
				GCC_WARN_64_TO_32_BIT_CONVERSION = YES;
				GCC_WARN_ABOUT_RETURN_TYPE = YES_ERROR;
				GCC_WARN_UNDECLARED_SELECTOR = YES;
				GCC_WARN_UNINITIALIZED_AUTOS = YES_AGGRESSIVE;
				GCC_WARN_UNUSED_FUNCTION = YES;
				GCC_WARN_UNUSED_VARIABLE = YES;
				IPHONEOS_DEPLOYMENT_TARGET = 8.3;
				MTL_ENABLE_DEBUG_INFO = NO;
				SDKROOT = iphoneos;
				VALIDATE_PRODUCT = YES;
			};
			name = Release;
		};
		D401B8FD1B05136B0021782F /* Debug */ = {
			isa = XCBuildConfiguration;
			buildSettings = {
				ASSETCATALOG_COMPILER_APPICON_NAME = AppIcon;
				INFOPLIST_FILE = Dislexy/Info.plist;
				LD_RUNPATH_SEARCH_PATHS = "$(inherited) @executable_path/Frameworks";
				PRODUCT_NAME = "$(TARGET_NAME)";
			};
			name = Debug;
		};
		D401B8FE1B05136B0021782F /* Release */ = {
			isa = XCBuildConfiguration;
			buildSettings = {
				ASSETCATALOG_COMPILER_APPICON_NAME = AppIcon;
				INFOPLIST_FILE = Dislexy/Info.plist;
				LD_RUNPATH_SEARCH_PATHS = "$(inherited) @executable_path/Frameworks";
				PRODUCT_NAME = "$(TARGET_NAME)";
			};
			name = Release;
		};
		D401B9001B05136B0021782F /* Debug */ = {
			isa = XCBuildConfiguration;
			buildSettings = {
				BUNDLE_LOADER = "$(TEST_HOST)";
				FRAMEWORK_SEARCH_PATHS = (
					"$(SDKROOT)/Developer/Library/Frameworks",
					"$(inherited)",
				);
				GCC_PREPROCESSOR_DEFINITIONS = (
					"DEBUG=1",
					"$(inherited)",
				);
				INFOPLIST_FILE = DislexyTests/Info.plist;
				LD_RUNPATH_SEARCH_PATHS = "$(inherited) @executable_path/Frameworks @loader_path/Frameworks";
				PRODUCT_NAME = "$(TARGET_NAME)";
				TEST_HOST = "$(BUILT_PRODUCTS_DIR)/Dislexy.app/Dislexy";
			};
			name = Debug;
		};
		D401B9011B05136B0021782F /* Release */ = {
			isa = XCBuildConfiguration;
			buildSettings = {
				BUNDLE_LOADER = "$(TEST_HOST)";
				FRAMEWORK_SEARCH_PATHS = (
					"$(SDKROOT)/Developer/Library/Frameworks",
					"$(inherited)",
				);
				INFOPLIST_FILE = DislexyTests/Info.plist;
				LD_RUNPATH_SEARCH_PATHS = "$(inherited) @executable_path/Frameworks @loader_path/Frameworks";
				PRODUCT_NAME = "$(TARGET_NAME)";
				TEST_HOST = "$(BUILT_PRODUCTS_DIR)/Dislexy.app/Dislexy";
			};
			name = Release;
		};
/* End XCBuildConfiguration section */

/* Begin XCConfigurationList section */
		D401B8D51B05136A0021782F /* Build configuration list for PBXProject "Dislexy" */ = {
			isa = XCConfigurationList;
			buildConfigurations = (
				D401B8FA1B05136B0021782F /* Debug */,
				D401B8FB1B05136B0021782F /* Release */,
			);
			defaultConfigurationIsVisible = 0;
			defaultConfigurationName = Release;
		};
		D401B8FC1B05136B0021782F /* Build configuration list for PBXNativeTarget "Dislexy" */ = {
			isa = XCConfigurationList;
			buildConfigurations = (
				D401B8FD1B05136B0021782F /* Debug */,
				D401B8FE1B05136B0021782F /* Release */,
			);
			defaultConfigurationIsVisible = 0;
			defaultConfigurationName = Release;
		};
		D401B8FF1B05136B0021782F /* Build configuration list for PBXNativeTarget "DislexyTests" */ = {
			isa = XCConfigurationList;
			buildConfigurations = (
				D401B9001B05136B0021782F /* Debug */,
				D401B9011B05136B0021782F /* Release */,
			);
			defaultConfigurationIsVisible = 0;
			defaultConfigurationName = Release;
		};
/* End XCConfigurationList section */

/* Begin XCVersionGroup section */
		D401B8E11B05136B0021782F /* Dislexy.xcdatamodeld */ = {
			isa = XCVersionGroup;
			children = (
				D401B8E21B05136B0021782F /* Dislexy.xcdatamodel */,
			);
			currentVersion = D401B8E21B05136B0021782F /* Dislexy.xcdatamodel */;
			path = Dislexy.xcdatamodeld;
			sourceTree = "<group>";
			versionGroupType = wrapper.xcdatamodel;
		};
/* End XCVersionGroup section */
	};
	rootObject = D401B8D21B05136A0021782F /* Project object */;
}
